# THIS IS AN AUTOGENERATED FILE. DO NOT EDIT THIS FILE DIRECTLY.
# yarn lockfile v1


"@babel/helper-string-parser@^7.24.8":
  version "7.24.8"
  resolved "https://registry.npmjs.org/@babel/helper-string-parser/-/helper-string-parser-7.24.8.tgz"
  integrity sha512-pO9KhhRcuUyGnJWwyEgnRJTSIZHiT+vMD0kPeD+so0l7mxkMT19g3pjY9GTnHySck/hDzq+dtW/4VgnMkippsQ==

"@babel/helper-validator-identifier@^7.24.7":
  version "7.24.7"
  resolved "https://registry.npmjs.org/@babel/helper-validator-identifier/-/helper-validator-identifier-7.24.7.tgz"
  integrity sha512-rR+PBcQ1SMQDDyF6X0wxtG8QyLCgUB0eRAGguqRLfkCA87l7yAP7ehq8SNj96OOGTO8OBV70KhuFYcIkHXOg0w==

"@babel/parser@^7.25.3":
  version "7.25.6"
  resolved "https://registry.npmjs.org/@babel/parser/-/parser-7.25.6.tgz"
  integrity sha512-trGdfBdbD0l1ZPmcJ83eNxB9rbEax4ALFTF7fN386TMYbeCQbyme5cOEXQhbGXKebwGaB/J52w1mrklMcbgy6Q==
  dependencies:
    "@babel/types" "^7.25.6"

"@babel/runtime@^7.21.0":
  version "7.28.4"
  resolved "https://registry.yarnpkg.com/@babel/runtime/-/runtime-7.28.4.tgz#a70226016fabe25c5783b2f22d3e1c9bc5ca3326"
  integrity sha512-Q/N6JNWvIvPnLDvjlE1OUBLPQHH6l3CltCEsHIujp45zQUSSh8K+gHnaEX45yAT1nyngnINhvWtzN+Nb9D8RAQ==

"@babel/types@^7.25.6":
  version "7.25.6"
  resolved "https://registry.npmjs.org/@babel/types/-/types-7.25.6.tgz"
  integrity sha512-/l42B1qxpG6RdfYf343Uw1vmDjeNhneUXtzhojE7pDgfpEypmRhI6j1kr17XCVv4Cgl9HdAiQY2x0GwKm7rWCw==
  dependencies:
    "@babel/helper-string-parser" "^7.24.8"
    "@babel/helper-validator-identifier" "^7.24.7"
    to-fast-properties "^2.0.0"

"@css-render/plugin-bem@^0.15.12":
  version "0.15.14"
  resolved "https://registry.npmjs.org/@css-render/plugin-bem/-/plugin-bem-0.15.14.tgz"
  integrity sha512-QK513CJ7yEQxm/P3EwsI+d+ha8kSOcjGvD6SevM41neEMxdULE+18iuQK6tEChAWMOQNQPLG/Rw3Khb69r5neg==

"@css-render/vue3-ssr@^0.15.10", "@css-render/vue3-ssr@^0.15.12":
  version "0.15.14"
  resolved "https://registry.npmjs.org/@css-render/vue3-ssr/-/vue3-ssr-0.15.14.tgz"
  integrity sha512-//8027GSbxE9n3QlD73xFY6z4ZbHbvrOVB7AO6hsmrEzGbg+h2A09HboUyDgu+xsmj7JnvJD39Irt+2D0+iV8g==

"@emotion/hash@~0.8.0":
  version "0.8.0"
  resolved "https://registry.npmjs.org/@emotion/hash/-/hash-0.8.0.tgz"
  integrity sha512-kBJtf7PH6aWwZ6fka3zQ0p6SBYzx4fl1LoZXE2RrnYST9Xljm7WfKJrU4g/Xr3Beg72MLrp1AWNUmuYJTL7Cow==

"@esbuild/aix-ppc64@0.27.2":
  version "0.27.2"
  resolved "https://registry.yarnpkg.com/@esbuild/aix-ppc64/-/aix-ppc64-0.27.2.tgz#521cbd968dcf362094034947f76fa1b18d2d403c"
  integrity sha512-GZMB+a0mOMZs4MpDbj8RJp4cw+w1WV5NYD6xzgvzUJ5Ek2jerwfO2eADyI6ExDSUED+1X8aMbegahsJi+8mgpw==

"@esbuild/android-arm64@0.27.2":
  version "0.27.2"
  resolved "https://registry.yarnpkg.com/@esbuild/android-arm64/-/android-arm64-0.27.2.tgz#61ea550962d8aa12a9b33194394e007657a6df57"
  integrity sha512-pvz8ZZ7ot/RBphf8fv60ljmaoydPU12VuXHImtAs0XhLLw+EXBi2BLe3OYSBslR4rryHvweW5gmkKFwTiFy6KA==

"@esbuild/android-arm@0.27.2":
  version "0.27.2"
  resolved "https://registry.yarnpkg.com/@esbuild/android-arm/-/android-arm-0.27.2.tgz#554887821e009dd6d853f972fde6c5143f1de142"
  integrity sha512-DVNI8jlPa7Ujbr1yjU2PfUSRtAUZPG9I1RwW4F4xFB1Imiu2on0ADiI/c3td+KmDtVKNbi+nffGDQMfcIMkwIA==

"@esbuild/android-x64@0.27.2":
  version "0.27.2"
  resolved "https://registry.yarnpkg.com/@esbuild/android-x64/-/android-x64-0.27.2.tgz#a7ce9d0721825fc578f9292a76d9e53334480ba2"
  integrity sha512-z8Ank4Byh4TJJOh4wpz8g2vDy75zFL0TlZlkUkEwYXuPSgX8yzep596n6mT7905kA9uHZsf/o2OJZubl2l3M7A==

"@esbuild/darwin-arm64@0.27.2":
  version "0.27.2"
  resolved "https://registry.yarnpkg.com/@esbuild/darwin-arm64/-/darwin-arm64-0.27.2.tgz#2cb7659bd5d109803c593cfc414450d5430c8256"
  integrity sha512-davCD2Zc80nzDVRwXTcQP/28fiJbcOwvdolL0sOiOsbwBa72kegmVU0Wrh1MYrbuCL98Omp5dVhQFWRKR2ZAlg==

"@esbuild/darwin-x64@0.27.2":
  version "0.27.2"
  resolved "https://registry.yarnpkg.com/@esbuild/darwin-x64/-/darwin-x64-0.27.2.tgz#e741fa6b1abb0cd0364126ba34ca17fd5e7bf509"
  integrity sha512-ZxtijOmlQCBWGwbVmwOF/UCzuGIbUkqB1faQRf5akQmxRJ1ujusWsb3CVfk/9iZKr2L5SMU5wPBi1UWbvL+VQA==

"@esbuild/freebsd-arm64@0.27.2":
  version "0.27.2"
  resolved "https://registry.yarnpkg.com/@esbuild/freebsd-arm64/-/freebsd-arm64-0.27.2.tgz#2b64e7116865ca172d4ce034114c21f3c93e397c"
  integrity sha512-lS/9CN+rgqQ9czogxlMcBMGd+l8Q3Nj1MFQwBZJyoEKI50XGxwuzznYdwcav6lpOGv5BqaZXqvBSiB/kJ5op+g==

"@esbuild/freebsd-x64@0.27.2":
  version "0.27.2"
  resolved "https://registry.yarnpkg.com/@esbuild/freebsd-x64/-/freebsd-x64-0.27.2.tgz#e5252551e66f499e4934efb611812f3820e990bb"
  integrity sha512-tAfqtNYb4YgPnJlEFu4c212HYjQWSO/w/h/lQaBK7RbwGIkBOuNKQI9tqWzx7Wtp7bTPaGC6MJvWI608P3wXYA==

"@esbuild/linux-arm64@0.27.2":
  version "0.27.2"
  resolved "https://registry.yarnpkg.com/@esbuild/linux-arm64/-/linux-arm64-0.27.2.tgz#dc4acf235531cd6984f5d6c3b13dbfb7ddb303cb"
  integrity sha512-hYxN8pr66NsCCiRFkHUAsxylNOcAQaxSSkHMMjcpx0si13t1LHFphxJZUiGwojB1a/Hd5OiPIqDdXONia6bhTw==

"@esbuild/linux-arm@0.27.2":
  version "0.27.2"
  resolved "https://registry.yarnpkg.com/@esbuild/linux-arm/-/linux-arm-0.27.2.tgz#56a900e39240d7d5d1d273bc053daa295c92e322"
  integrity sha512-vWfq4GaIMP9AIe4yj1ZUW18RDhx6EPQKjwe7n8BbIecFtCQG4CfHGaHuh7fdfq+y3LIA2vGS/o9ZBGVxIDi9hw==

"@esbuild/linux-ia32@0.27.2":
  version "0.27.2"
  resolved "https://registry.yarnpkg.com/@esbuild/linux-ia32/-/linux-ia32-0.27.2.tgz#d4a36d473360f6870efcd19d52bbfff59a2ed1cc"
  integrity sha512-MJt5BRRSScPDwG2hLelYhAAKh9imjHK5+NE/tvnRLbIqUWa+0E9N4WNMjmp/kXXPHZGqPLxggwVhz7QP8CTR8w==

"@esbuild/linux-loong64@0.27.2":
  version "0.27.2"
  resolved "https://registry.yarnpkg.com/@esbuild/linux-loong64/-/linux-loong64-0.27.2.tgz#fcf0ab8c3eaaf45891d0195d4961cb18b579716a"
  integrity sha512-lugyF1atnAT463aO6KPshVCJK5NgRnU4yb3FUumyVz+cGvZbontBgzeGFO1nF+dPueHD367a2ZXe1NtUkAjOtg==

"@esbuild/linux-mips64el@0.27.2":
  version "0.27.2"
  resolved "https://registry.yarnpkg.com/@esbuild/linux-mips64el/-/linux-mips64el-0.27.2.tgz#598b67d34048bb7ee1901cb12e2a0a434c381c10"
  integrity sha512-nlP2I6ArEBewvJ2gjrrkESEZkB5mIoaTswuqNFRv/WYd+ATtUpe9Y09RnJvgvdag7he0OWgEZWhviS1OTOKixw==

"@esbuild/linux-ppc64@0.27.2":
  version "0.27.2"
  resolved "https://registry.yarnpkg.com/@esbuild/linux-ppc64/-/linux-ppc64-0.27.2.tgz#3846c5df6b2016dab9bc95dde26c40f11e43b4c0"
  integrity sha512-C92gnpey7tUQONqg1n6dKVbx3vphKtTHJaNG2Ok9lGwbZil6DrfyecMsp9CrmXGQJmZ7iiVXvvZH6Ml5hL6XdQ==

"@esbuild/linux-riscv64@0.27.2":
  version "0.27.2"
  resolved "https://registry.yarnpkg.com/@esbuild/linux-riscv64/-/linux-riscv64-0.27.2.tgz#173d4475b37c8d2c3e1707e068c174bb3f53d07d"
  integrity sha512-B5BOmojNtUyN8AXlK0QJyvjEZkWwy/FKvakkTDCziX95AowLZKR6aCDhG7LeF7uMCXEJqwa8Bejz5LTPYm8AvA==

"@esbuild/linux-s390x@0.27.2":
  version "0.27.2"
  resolved "https://registry.yarnpkg.com/@esbuild/linux-s390x/-/linux-s390x-0.27.2.tgz#f7a4790105edcab8a5a31df26fbfac1aa3dacfab"
  integrity sha512-p4bm9+wsPwup5Z8f4EpfN63qNagQ47Ua2znaqGH6bqLlmJ4bx97Y9JdqxgGZ6Y8xVTixUnEkoKSHcpRlDnNr5w==

"@esbuild/linux-x64@0.27.2":
  version "0.27.2"
  resolved "https://registry.yarnpkg.com/@esbuild/linux-x64/-/linux-x64-0.27.2.tgz#2ecc1284b1904aeb41e54c9ddc7fcd349b18f650"
  integrity sha512-uwp2Tip5aPmH+NRUwTcfLb+W32WXjpFejTIOWZFw/v7/KnpCDKG66u4DLcurQpiYTiYwQ9B7KOeMJvLCu/OvbA==

"@esbuild/netbsd-arm64@0.27.2":
  version "0.27.2"
  resolved "https://registry.yarnpkg.com/@esbuild/netbsd-arm64/-/netbsd-arm64-0.27.2.tgz#e2863c2cd1501845995cb11adf26f7fe4be527b0"
  integrity sha512-Kj6DiBlwXrPsCRDeRvGAUb/LNrBASrfqAIok+xB0LxK8CHqxZ037viF13ugfsIpePH93mX7xfJp97cyDuTZ3cw==

"@esbuild/netbsd-x64@0.27.2":
  version "0.27.2"
  resolved "https://registry.yarnpkg.com/@esbuild/netbsd-x64/-/netbsd-x64-0.27.2.tgz#93f7609e2885d1c0b5a1417885fba8d1fcc41272"
  integrity sha512-HwGDZ0VLVBY3Y+Nw0JexZy9o/nUAWq9MlV7cahpaXKW6TOzfVno3y3/M8Ga8u8Yr7GldLOov27xiCnqRZf0tCA==

"@esbuild/openbsd-arm64@0.27.2":
  version "0.27.2"
  resolved "https://registry.yarnpkg.com/@esbuild/openbsd-arm64/-/openbsd-arm64-0.27.2.tgz#a1985604a203cdc325fd47542e106fafd698f02e"
  integrity sha512-DNIHH2BPQ5551A7oSHD0CKbwIA/Ox7+78/AWkbS5QoRzaqlev2uFayfSxq68EkonB+IKjiuxBFoV8ESJy8bOHA==

"@esbuild/openbsd-x64@0.27.2":
  version "0.27.2"
  resolved "https://registry.yarnpkg.com/@esbuild/openbsd-x64/-/openbsd-x64-0.27.2.tgz#8209e46c42f1ffbe6e4ef77a32e1f47d404ad42a"
  integrity sha512-/it7w9Nb7+0KFIzjalNJVR5bOzA9Vay+yIPLVHfIQYG/j+j9VTH84aNB8ExGKPU4AzfaEvN9/V4HV+F+vo8OEg==

"@esbuild/openharmony-arm64@0.27.2":
  version "0.27.2"
  resolved "https://registry.yarnpkg.com/@esbuild/openharmony-arm64/-/openharmony-arm64-0.27.2.tgz#8fade4441893d9cc44cbd7dcf3776f508ab6fb2f"
  integrity sha512-LRBbCmiU51IXfeXk59csuX/aSaToeG7w48nMwA6049Y4J4+VbWALAuXcs+qcD04rHDuSCSRKdmY63sruDS5qag==

"@esbuild/sunos-x64@0.27.2":
  version "0.27.2"
  resolved "https://registry.yarnpkg.com/@esbuild/sunos-x64/-/sunos-x64-0.27.2.tgz#980d4b9703a16f0f07016632424fc6d9a789dfc2"
  integrity sha512-kMtx1yqJHTmqaqHPAzKCAkDaKsffmXkPHThSfRwZGyuqyIeBvf08KSsYXl+abf5HDAPMJIPnbBfXvP2ZC2TfHg==

"@esbuild/win32-arm64@0.27.2":
  version "0.27.2"
  resolved "https://registry.yarnpkg.com/@esbuild/win32-arm64/-/win32-arm64-0.27.2.tgz#1c09a3633c949ead3d808ba37276883e71f6111a"
  integrity sha512-Yaf78O/B3Kkh+nKABUF++bvJv5Ijoy9AN1ww904rOXZFLWVc5OLOfL56W+C8F9xn5JQZa3UX6m+IktJnIb1Jjg==

"@esbuild/win32-ia32@0.27.2":
  version "0.27.2"
  resolved "https://registry.yarnpkg.com/@esbuild/win32-ia32/-/win32-ia32-0.27.2.tgz#1b1e3a63ad4bef82200fef4e369e0fff7009eee5"
  integrity sha512-Iuws0kxo4yusk7sw70Xa2E2imZU5HoixzxfGCdxwBdhiDgt9vX9VUCBhqcwY7/uh//78A1hMkkROMJq9l27oLQ==

"@esbuild/win32-x64@0.27.2":
  version "0.27.2"
  resolved "https://registry.yarnpkg.com/@esbuild/win32-x64/-/win32-x64-0.27.2.tgz#9e585ab6086bef994c6e8a5b3a0481219ada862b"
  integrity sha512-sRdU18mcKf7F+YgheI/zGf5alZatMUTKj/jNS6l744f9u3WFu4v7twcUI9vu4mknF4Y9aDlblIie0IM+5xxaqQ==

"@intlify/core-base@9.14.5":
  version "9.14.5"
  resolved "https://registry.npmjs.org/@intlify/core-base/-/core-base-9.14.5.tgz"
  integrity sha512-5ah5FqZG4pOoHjkvs8mjtv+gPKYU0zCISaYNjBNNqYiaITxW8ZtVih3GS/oTOqN8d9/mDLyrjD46GBApNxmlsA==
  dependencies:
    "@intlify/message-compiler" "9.14.5"
    "@intlify/shared" "9.14.5"

"@intlify/message-compiler@9.14.5":
  version "9.14.5"
  resolved "https://registry.npmjs.org/@intlify/message-compiler/-/message-compiler-9.14.5.tgz"
  integrity sha512-IHzgEu61/YIpQV5Pc3aRWScDcnFKWvQA9kigcINcCBXN8mbW+vk9SK+lDxA6STzKQsVJxUPg9ACC52pKKo3SVQ==
  dependencies:
    "@intlify/shared" "9.14.5"
    source-map-js "^1.0.2"

"@intlify/shared@9.14.5":
  version "9.14.5"
  resolved "https://registry.npmjs.org/@intlify/shared/-/shared-9.14.5.tgz"
  integrity sha512-9gB+E53BYuAEMhbCAxVgG38EZrk59sxBtv3jSizNL2hEWlgjBjAw1AwpLHtNaeda12pe6W20OGEa0TwuMSRbyQ==

"@jridgewell/sourcemap-codec@^1.5.0":
  version "1.5.0"
  resolved "https://registry.npmjs.org/@jridgewell/sourcemap-codec/-/sourcemap-codec-1.5.0.tgz"
  integrity sha512-gv3ZRaISU3fjPAgNsriBRqGWQL6quFx04YMPW/zD8XMLsU32mhCCbfbO6KZFLjvYpCZ8zyDEgqsgf+PwPaM7GQ==

"@juggle/resize-observer@^3.3.1":
  version "3.4.0"
  resolved "https://registry.npmjs.org/@juggle/resize-observer/-/resize-observer-3.4.0.tgz"
  integrity sha512-dfLbk+PwWvFzSxwk3n5ySL0hfBog779o8h68wK/7/APo/7cgyWp5jcXockbxdk5kFRkbeXWm4Fbi9FrdN381sA==

"@rollup/rollup-android-arm-eabi@4.54.0":
  version "4.54.0"
  resolved "https://registry.yarnpkg.com/@rollup/rollup-android-arm-eabi/-/rollup-android-arm-eabi-4.54.0.tgz#f3ff5dbde305c4fa994d49aeb0a5db5305eff03b"
  integrity sha512-OywsdRHrFvCdvsewAInDKCNyR3laPA2mc9bRYJ6LBp5IyvF3fvXbbNR0bSzHlZVFtn6E0xw2oZlyjg4rKCVcng==

"@rollup/rollup-android-arm64@4.54.0":
  version "4.54.0"
  resolved "https://registry.yarnpkg.com/@rollup/rollup-android-arm64/-/rollup-android-arm64-4.54.0.tgz#c97d6ee47846a7ab1cd38e968adce25444a90a19"
  integrity sha512-Skx39Uv+u7H224Af+bDgNinitlmHyQX1K/atIA32JP3JQw6hVODX5tkbi2zof/E69M1qH2UoN3Xdxgs90mmNYw==

"@rollup/rollup-darwin-arm64@4.54.0":
  version "4.54.0"
  resolved "https://registry.yarnpkg.com/@rollup/rollup-darwin-arm64/-/rollup-darwin-arm64-4.54.0.tgz#a13fc2d82e01eaf8ac823634a3f5f76fd9d0f938"
  integrity sha512-k43D4qta/+6Fq+nCDhhv9yP2HdeKeP56QrUUTW7E6PhZP1US6NDqpJj4MY0jBHlJivVJD5P8NxrjuobZBJTCRw==

"@rollup/rollup-darwin-x64@4.54.0":
  version "4.54.0"
  resolved "https://registry.yarnpkg.com/@rollup/rollup-darwin-x64/-/rollup-darwin-x64-4.54.0.tgz#db4fa8b2b76d86f7e9b68ce4661fafe9767adf9b"
  integrity sha512-cOo7biqwkpawslEfox5Vs8/qj83M/aZCSSNIWpVzfU2CYHa2G3P1UN5WF01RdTHSgCkri7XOlTdtk17BezlV3A==

"@rollup/rollup-freebsd-arm64@4.54.0":
  version "4.54.0"
  resolved "https://registry.yarnpkg.com/@rollup/rollup-freebsd-arm64/-/rollup-freebsd-arm64-4.54.0.tgz#b2c6039de4b75efd3f29417fcb1a795c75a4e3ee"
  integrity sha512-miSvuFkmvFbgJ1BevMa4CPCFt5MPGw094knM64W9I0giUIMMmRYcGW/JWZDriaw/k1kOBtsWh1z6nIFV1vPNtA==

"@rollup/rollup-freebsd-x64@4.54.0":
  version "4.54.0"
  resolved "https://registry.yarnpkg.com/@rollup/rollup-freebsd-x64/-/rollup-freebsd-x64-4.54.0.tgz#9ae2a216c94f87912a596a3b3a2ec5199a689ba5"
  integrity sha512-KGXIs55+b/ZfZsq9aR026tmr/+7tq6VG6MsnrvF4H8VhwflTIuYh+LFUlIsRdQSgrgmtM3fVATzEAj4hBQlaqQ==

"@rollup/rollup-linux-arm-gnueabihf@4.54.0":
  version "4.54.0"
  resolved "https://registry.yarnpkg.com/@rollup/rollup-linux-arm-gnueabihf/-/rollup-linux-arm-gnueabihf-4.54.0.tgz#69d5de7f781132f138514f2b900c523e38e2461f"
  integrity sha512-EHMUcDwhtdRGlXZsGSIuXSYwD5kOT9NVnx9sqzYiwAc91wfYOE1g1djOEDseZJKKqtHAHGwnGPQu3kytmfaXLQ==

"@rollup/rollup-linux-arm-musleabihf@4.54.0":
  version "4.54.0"
  resolved "https://registry.yarnpkg.com/@rollup/rollup-linux-arm-musleabihf/-/rollup-linux-arm-musleabihf-4.54.0.tgz#b6431e5699747f285306ffe8c1194d7af74f801f"
  integrity sha512-+pBrqEjaakN2ySv5RVrj/qLytYhPKEUwk+e3SFU5jTLHIcAtqh2rLrd/OkbNuHJpsBgxsD8ccJt5ga/SeG0JmA==

"@rollup/rollup-linux-arm64-gnu@4.54.0":
  version "4.54.0"
  resolved "https://registry.yarnpkg.com/@rollup/rollup-linux-arm64-gnu/-/rollup-linux-arm64-gnu-4.54.0.tgz#a32931baec8a0fa7b3288afb72d400ae735112c2"
  integrity sha512-NSqc7rE9wuUaRBsBp5ckQ5CVz5aIRKCwsoa6WMF7G01sX3/qHUw/z4pv+D+ahL1EIKy6Enpcnz1RY8pf7bjwng==

"@rollup/rollup-linux-arm64-musl@4.54.0":
  version "4.54.0"
  resolved "https://registry.yarnpkg.com/@rollup/rollup-linux-arm64-musl/-/rollup-linux-arm64-musl-4.54.0.tgz#0ad72572b01eb946c0b1a7a6f17ab3be6689a963"
  integrity sha512-gr5vDbg3Bakga5kbdpqx81m2n9IX8M6gIMlQQIXiLTNeQW6CucvuInJ91EuCJ/JYvc+rcLLsDFcfAD1K7fMofg==

"@rollup/rollup-linux-loong64-gnu@4.54.0":
  version "4.54.0"
  resolved "https://registry.yarnpkg.com/@rollup/rollup-linux-loong64-gnu/-/rollup-linux-loong64-gnu-4.54.0.tgz#05681f000310906512279944b5bef38c0cd4d326"
  integrity sha512-gsrtB1NA3ZYj2vq0Rzkylo9ylCtW/PhpLEivlgWe0bpgtX5+9j9EZa0wtZiCjgu6zmSeZWyI/e2YRX1URozpIw==

"@rollup/rollup-linux-ppc64-gnu@4.54.0":
  version "4.54.0"
  resolved "https://registry.yarnpkg.com/@rollup/rollup-linux-ppc64-gnu/-/rollup-linux-ppc64-gnu-4.54.0.tgz#9847a8c9dd76d687c3bdbe38d7f5f32c6b2743c8"
  integrity sha512-y3qNOfTBStmFNq+t4s7Tmc9hW2ENtPg8FeUD/VShI7rKxNW7O4fFeaYbMsd3tpFlIg1Q8IapFgy7Q9i2BqeBvA==

"@rollup/rollup-linux-riscv64-gnu@4.54.0":
  version "4.54.0"
  resolved "https://registry.yarnpkg.com/@rollup/rollup-linux-riscv64-gnu/-/rollup-linux-riscv64-gnu-4.54.0.tgz#173f20c278ac770ae3e969663a27d172a4545e87"
  integrity sha512-89sepv7h2lIVPsFma8iwmccN7Yjjtgz0Rj/Ou6fEqg3HDhpCa+Et+YSufy27i6b0Wav69Qv4WBNl3Rs6pwhebQ==

"@rollup/rollup-linux-riscv64-musl@4.54.0":
  version "4.54.0"
  resolved "https://registry.yarnpkg.com/@rollup/rollup-linux-riscv64-musl/-/rollup-linux-riscv64-musl-4.54.0.tgz#db70c2377ae1ef61ef8673354d107ecb3fa7ffed"
  integrity sha512-ZcU77ieh0M2Q8Ur7D5X7KvK+UxbXeDHwiOt/CPSBTI1fBmeDMivW0dPkdqkT4rOgDjrDDBUed9x4EgraIKoR2A==

"@rollup/rollup-linux-s390x-gnu@4.54.0":
  version "4.54.0"
  resolved "https://registry.yarnpkg.com/@rollup/rollup-linux-s390x-gnu/-/rollup-linux-s390x-gnu-4.54.0.tgz#b2c461778add1c2ee70ec07d1788611548647962"
  integrity sha512-2AdWy5RdDF5+4YfG/YesGDDtbyJlC9LHmL6rZw6FurBJ5n4vFGupsOBGfwMRjBYH7qRQowT8D/U4LoSvVwOhSQ==

"@rollup/rollup-linux-x64-gnu@4.54.0":
  version "4.54.0"
  resolved "https://registry.yarnpkg.com/@rollup/rollup-linux-x64-gnu/-/rollup-linux-x64-gnu-4.54.0.tgz#ab140b356569601f57ab8727bd7306463841894f"
  integrity sha512-WGt5J8Ij/rvyqpFexxk3ffKqqbLf9AqrTBbWDk7ApGUzaIs6V+s2s84kAxklFwmMF/vBNGrVdYgbblCOFFezMQ==

"@rollup/rollup-linux-x64-musl@4.54.0":
  version "4.54.0"
  resolved "https://registry.yarnpkg.com/@rollup/rollup-linux-x64-musl/-/rollup-linux-x64-musl-4.54.0.tgz#810134b4a9d0d88576938f2eed38999a653814a1"
  integrity sha512-JzQmb38ATzHjxlPHuTH6tE7ojnMKM2kYNzt44LO/jJi8BpceEC8QuXYA908n8r3CNuG/B3BV8VR3Hi1rYtmPiw==

"@rollup/rollup-openharmony-arm64@4.54.0":
  version "4.54.0"
  resolved "https://registry.yarnpkg.com/@rollup/rollup-openharmony-arm64/-/rollup-openharmony-arm64-4.54.0.tgz#0182bae7a54e748be806acef7a7f726f6949213c"
  integrity sha512-huT3fd0iC7jigGh7n3q/+lfPcXxBi+om/Rs3yiFxjvSxbSB6aohDFXbWvlspaqjeOh+hx7DDHS+5Es5qRkWkZg==

"@rollup/rollup-win32-arm64-msvc@4.54.0":
  version "4.54.0"
  resolved "https://registry.yarnpkg.com/@rollup/rollup-win32-arm64-msvc/-/rollup-win32-arm64-msvc-4.54.0.tgz#1f19349bd1c5e454d03e4508a9277b6354985b9d"
  integrity sha512-c2V0W1bsKIKfbLMBu/WGBz6Yci8nJ/ZJdheE0EwB73N3MvHYKiKGs3mVilX4Gs70eGeDaMqEob25Tw2Gb9Nqyw==

"@rollup/rollup-win32-ia32-msvc@4.54.0":
  version "4.54.0"
  resolved "https://registry.yarnpkg.com/@rollup/rollup-win32-ia32-msvc/-/rollup-win32-ia32-msvc-4.54.0.tgz#234ff739993539f64efac6c2e59704a691a309c2"
  integrity sha512-woEHgqQqDCkAzrDhvDipnSirm5vxUXtSKDYTVpZG3nUdW/VVB5VdCYA2iReSj/u3yCZzXID4kuKG7OynPnB3WQ==

"@rollup/rollup-win32-x64-gnu@4.54.0":
  version "4.54.0"
  resolved "https://registry.yarnpkg.com/@rollup/rollup-win32-x64-gnu/-/rollup-win32-x64-gnu-4.54.0.tgz#a4df0507c3be09c152a795cfc0c4f0c225765c5c"
  integrity sha512-dzAc53LOuFvHwbCEOS0rPbXp6SIhAf2txMP5p6mGyOXXw5mWY8NGGbPMPrs4P1WItkfApDathBj/NzMLUZ9rtQ==

"@rollup/rollup-win32-x64-msvc@4.54.0":
  version "4.54.0"
  resolved "https://registry.yarnpkg.com/@rollup/rollup-win32-x64-msvc/-/rollup-win32-x64-msvc-4.54.0.tgz#beacb356412eef5dc0164e9edfee51c563732054"
  integrity sha512-hYT5d3YNdSh3mbCU1gwQyPgQd3T2ne0A3KG8KSBdav5TiBg6eInVmV+TeR5uHufiIgSFg0XsOWGW5/RhNcSvPg==

"@tauri-apps/api@>=2.0.0", "@tauri-apps/api@^2.0.0", "@tauri-apps/api@^2.8.0":
  version "2.9.1"
  resolved "https://registry.yarnpkg.com/@tauri-apps/api/-/api-2.9.1.tgz#e539bfa437e53864fd5e7ed0f28e8217fbc74de1"
  integrity sha512-IGlhP6EivjXHepbBic618GOmiWe4URJiIeZFlB7x3czM0yDHHYviH1Xvoiv4FefdkQtn6v7TuwWCRfOGdnVUGw==

"@tauri-apps/cli-darwin-arm64@2.0.2":
  version "2.0.2"
  resolved "https://registry.npmjs.org/@tauri-apps/cli-darwin-arm64/-/cli-darwin-arm64-2.0.2.tgz"
  integrity sha512-B+/a8Q6wAqmB4A4HVeK0oQP5TdQGKW60ZLOI9O2ktH2HPr9ETr3XkwXPuJ2uAOuGEgtRZHBgFOIgG000vMnKlg==

"@tauri-apps/cli-darwin-x64@2.0.2":
  version "2.0.2"
  resolved "https://registry.npmjs.org/@tauri-apps/cli-darwin-x64/-/cli-darwin-x64-2.0.2.tgz"
  integrity sha512-kaurhn6XT4gAVCPAQSSHl/CHFxTS0ljc47N7iGTSlYJ03sCWPRZeNuVa/bn6rolz9MA2JfnRnFqB1pUL6jzp9Q==

"@tauri-apps/cli-linux-arm-gnueabihf@2.0.2":
  version "2.0.2"
  resolved "https://registry.npmjs.org/@tauri-apps/cli-linux-arm-gnueabihf/-/cli-linux-arm-gnueabihf-2.0.2.tgz"
  integrity sha512-bVrofjlacMxmGMcqK18iBW05tsZXOd19/MnqruFFcHSVjvkGGIXHMtUbMXnZNXBPkHDsnfytNtkY9SZGfCFaBA==

"@tauri-apps/cli-linux-arm64-gnu@2.0.2":
  version "2.0.2"
  resolved "https://registry.npmjs.org/@tauri-apps/cli-linux-arm64-gnu/-/cli-linux-arm64-gnu-2.0.2.tgz"
  integrity sha512-7XCBn0TTBVQGnV42dXcbHPLg/9W8kJoVzuliIozvNGyRWxfXqDbQYzpI48HUQG3LgHMabcw8+pVZAfGhevLrCA==

"@tauri-apps/cli-linux-arm64-musl@2.0.2":
  version "2.0.2"
  resolved "https://registry.npmjs.org/@tauri-apps/cli-linux-arm64-musl/-/cli-linux-arm64-musl-2.0.2.tgz"
  integrity sha512-1xi2SreGVlpAL68MCsDUY63rdItUdPZreXIAcOVqvUehcJRYOa1XGSBhrV0YXRgZeh0AtKC19z6PRzcv4rosZA==

"@tauri-apps/cli-linux-x64-gnu@2.0.2":
  version "2.0.2"
  resolved "https://registry.npmjs.org/@tauri-apps/cli-linux-x64-gnu/-/cli-linux-x64-gnu-2.0.2.tgz"
  integrity sha512-WVjwYzPWFqZVg1fx6KSU5w47Q0VbMyaCp34qs5EcS8EIU0/RnofdzqUoOYqvgGVgNgoz7Pj5dXK2SkS8BHXMmA==

"@tauri-apps/cli-linux-x64-musl@2.0.2":
  version "2.0.2"
  resolved "https://registry.npmjs.org/@tauri-apps/cli-linux-x64-musl/-/cli-linux-x64-musl-2.0.2.tgz"
  integrity sha512-h5miE2mctgaQNn/BbG9o1pnJcrx+VGBi2A6JFqGu934lFgSV5+s28M8Gc8AF2JgFH4hQV4IuMkeSw8Chu5Dodg==

"@tauri-apps/cli-win32-arm64-msvc@2.0.2":
  version "2.0.2"
  resolved "https://registry.npmjs.org/@tauri-apps/cli-win32-arm64-msvc/-/cli-win32-arm64-msvc-2.0.2.tgz"
  integrity sha512-2b8oO0+dYonahG5PfA/zoq0zlafLclfmXgqoWDZ++UiPtQHJNpNeEQ8GWbSFKGHQ494Jo6jHvazOojGRE1kqAg==

"@tauri-apps/cli-win32-ia32-msvc@2.0.2":
  version "2.0.2"
  resolved "https://registry.npmjs.org/@tauri-apps/cli-win32-ia32-msvc/-/cli-win32-ia32-msvc-2.0.2.tgz"
  integrity sha512-axgICLunFi0To3EibdCBgbST5RocsSmtM4c04+CbcX8WQQosJ9ziWlCSrrOTRr+gJERAMSvEyVUS98f6bWMw9A==

"@tauri-apps/cli-win32-x64-msvc@2.0.2":
  version "2.0.2"
  resolved "https://registry.npmjs.org/@tauri-apps/cli-win32-x64-msvc/-/cli-win32-x64-msvc-2.0.2.tgz"
  integrity sha512-JR17cM6+DyExZRgpXr2/DdqvcFYi/EKvQt8dI5R1/uQoesWd8jeNnrU7c1FG1Zmw9+pTzDztsNqEKsrNq2sNIg==

"@tauri-apps/cli@>=2.0.1":
  version "2.0.2"
  resolved "https://registry.npmjs.org/@tauri-apps/cli/-/cli-2.0.2.tgz"
  integrity sha512-R4ontHZvXORArERAHIidp5zRfZEshZczTiK+poslBv7AGKpQZoMw+E49zns7mOmP64i2Cq9Ci0pJvi4Rm8Okzw==
  optionalDependencies:
    "@tauri-apps/cli-darwin-arm64" "2.0.2"
    "@tauri-apps/cli-darwin-x64" "2.0.2"
    "@tauri-apps/cli-linux-arm-gnueabihf" "2.0.2"
    "@tauri-apps/cli-linux-arm64-gnu" "2.0.2"
    "@tauri-apps/cli-linux-arm64-musl" "2.0.2"
    "@tauri-apps/cli-linux-x64-gnu" "2.0.2"
    "@tauri-apps/cli-linux-x64-musl" "2.0.2"
    "@tauri-apps/cli-win32-arm64-msvc" "2.0.2"
    "@tauri-apps/cli-win32-ia32-msvc" "2.0.2"
    "@tauri-apps/cli-win32-x64-msvc" "2.0.2"

"@tauri-apps/plugin-dialog@^2.4.0":
  version "2.4.0"
  resolved "https://registry.yarnpkg.com/@tauri-apps/plugin-dialog/-/plugin-dialog-2.4.0.tgz#e37388bd3197f920a9975e323a105a75cb55d648"
  integrity sha512-OvXkrEBfWwtd8tzVCEXIvRfNEX87qs2jv6SqmVPiHcJjBhSF/GUvjqUNIDmKByb5N8nvDqVUM7+g1sXwdC/S9w==
  dependencies:
    "@tauri-apps/api" "^2.8.0"

"@tauri-apps/plugin-log@~2.7":
  version "2.7.0"
  resolved "https://registry.yarnpkg.com/@tauri-apps/plugin-log/-/plugin-log-2.7.0.tgz#0f334f9a408b9f4efa5b23cfd45e2a2be4c5b101"
  integrity sha512-81XQ2f93x4vmIB5OY0XlYAxy60cHdYLs0Ki8Qp38tNATRiuBit+Orh3frpY3qfYQnqEvYVyRub7YRJWlmW2RRA==
  dependencies:
    "@tauri-apps/api" "^2.8.0"

"@tauri-apps/plugin-opener@~2":
  version "2.5.0"
  resolved "https://registry.npmjs.org/@tauri-apps/plugin-opener/-/plugin-opener-2.5.0.tgz"
  integrity sha512-B0LShOYae4CZjN8leiNDbnfjSrTwoZakqKaWpfoH6nXiJwt6Rgj6RnVIffG3DoJiKsffRhMkjmBV9VeilSb4TA==
  dependencies:
    "@tauri-apps/api" "^2.8.0"

"@tauri-apps/plugin-shell@>=2.2.1":
  version "2.2.1"
  resolved "https://registry.yarnpkg.com/@tauri-apps/plugin-shell/-/plugin-shell-2.2.1.tgz#586ab725ef622ba65a946bff1a3e166cee181903"
  integrity sha512-G1GFYyWe/KlCsymuLiNImUgC8zGY0tI0Y3p8JgBCWduR5IEXlIJS+JuG1qtveitwYXlfJrsExt3enhv5l2/yhA==
  dependencies:
    "@tauri-apps/api" "^2.0.0"

"@tauri-apps/plugin-store@^2.4.0":
  version "2.4.0"
  resolved "https://registry.npmjs.org/@tauri-apps/plugin-store/-/plugin-store-2.4.0.tgz"
  integrity sha512-PjBnlnH6jyI71MGhrPaxUUCsOzc7WO1mbc4gRhME0m2oxLgCqbksw6JyeKQimuzv4ysdpNO3YbmaY2haf82a3A==
  dependencies:
    "@tauri-apps/api" "^2.8.0"

"@types/estree@1.0.8":
  version "1.0.8"
  resolved "https://registry.yarnpkg.com/@types/estree/-/estree-1.0.8.tgz#958b91c991b1867ced318bedea0e215ee050726e"
  integrity sha512-dWHzHa2WqEXI/O1E9OjrocMTKJl2mSrEolh1Iomrv6U+JuNwaHXsXx9bLu5gG7BUWFIN0skIQJQ/L1rIex4X6w==

"@types/katex@^0.16.2":
  version "0.16.7"
  resolved "https://registry.npmjs.org/@types/katex/-/katex-0.16.7.tgz"
  integrity sha512-HMwFiRujE5PjrgwHQ25+bsLJgowjGjm5Z8FVSf0N6PwgJrwxH0QxzHYDcKsTfV3wva0vzrpqMTJS2jXPr5BMEQ==

"@types/lodash-es@^4.17.9":
  version "4.17.12"
  resolved "https://registry.npmjs.org/@types/lodash-es/-/lodash-es-4.17.12.tgz"
  integrity sha512-0NgftHUcV4v34VhXm8QBSftKVXtbkBG3ViCjs6+eJ5a6y6Mi/jiFGPc1sC7QK+9BFhWrURE3EOggmWaSxL9OzQ==
  dependencies:
    "@types/lodash" "*"

"@types/lodash@*", "@types/lodash@^4.14.198":
  version "4.17.7"
  resolved "https://registry.npmjs.org/@types/lodash/-/lodash-4.17.7.tgz"
  integrity sha512-8wTvZawATi/lsmNu10/j2hk1KEP0IvjubqPE3cu1Xz7xfXXt5oCq3SNUz4fMIP4XGF9Ky+Ue2tBA3hcS7LSBlA==

"@vicons/antd@^0.13.0":
  version "0.13.0"
  resolved "https://registry.npmjs.org/@vicons/antd/-/antd-0.13.0.tgz"
  integrity sha512-yrUGoUSz2BbGupk9ghQOahc04n5H3MwUDM9pVPsLh9U1uqB47oRWZvYRiZaT1JKPqgTgSE6BXcVw4i9MOF4M+g==

"@vitejs/plugin-vue@^5.2.4":
  version "5.2.4"
  resolved "https://registry.yarnpkg.com/@vitejs/plugin-vue/-/plugin-vue-5.2.4.tgz#9e8a512eb174bfc2a333ba959bbf9de428d89ad8"
  integrity sha512-7Yx/SXSOcQq5HiiV3orevHUFn+pmMB4cgbEkDYgnkUWb0WfeQ/wa2yFv6D5ICiCQOVpjA7vYDXrC7AGO8yjDHA==

"@vue/compiler-core@3.5.8":
  version "3.5.8"
  resolved "https://registry.npmjs.org/@vue/compiler-core/-/compiler-core-3.5.8.tgz"
  integrity sha512-Uzlxp91EPjfbpeO5KtC0KnXPkuTfGsNDeaKQJxQN718uz+RqDYarEf7UhQJGK+ZYloD2taUbHTI2J4WrUaZQNA==
  dependencies:
    "@babel/parser" "^7.25.3"
    "@vue/shared" "3.5.8"
    entities "^4.5.0"
    estree-walker "^2.0.2"
    source-map-js "^1.2.0"

"@vue/compiler-dom@3.5.8":
  version "3.5.8"
  resolved "https://registry.npmjs.org/@vue/compiler-dom/-/compiler-dom-3.5.8.tgz"
  integrity sha512-GUNHWvoDSbSa5ZSHT9SnV5WkStWfzJwwTd6NMGzilOE/HM5j+9EB9zGXdtu/fCNEmctBqMs6C9SvVPpVPuk1Eg==
  dependencies:
    "@vue/compiler-core" "3.5.8"
    "@vue/shared" "3.5.8"

"@vue/compiler-sfc@3.5.8":
  version "3.5.8"
  resolved "https://registry.npmjs.org/@vue/compiler-sfc/-/compiler-sfc-3.5.8.tgz"
  integrity sha512-taYpngQtSysrvO9GULaOSwcG5q821zCoIQBtQQSx7Uf7DxpR6CIHR90toPr9QfDD2mqHQPCSgoWBvJu0yV9zjg==
  dependencies:
    "@babel/parser" "^7.25.3"
    "@vue/compiler-core" "3.5.8"
    "@vue/compiler-dom" "3.5.8"
    "@vue/compiler-ssr" "3.5.8"
    "@vue/shared" "3.5.8"
    estree-walker "^2.0.2"
    magic-string "^0.30.11"
    postcss "^8.4.47"
    source-map-js "^1.2.0"

"@vue/compiler-ssr@3.5.8":
  version "3.5.8"
  resolved "https://registry.npmjs.org/@vue/compiler-ssr/-/compiler-ssr-3.5.8.tgz"
  integrity sha512-W96PtryNsNG9u0ZnN5Q5j27Z/feGrFV6zy9q5tzJVyJaLiwYxvC0ek4IXClZygyhjm+XKM7WD9pdKi/wIRVC/Q==
  dependencies:
    "@vue/compiler-dom" "3.5.8"
    "@vue/shared" "3.5.8"

"@vue/devtools-api@^6.5.0", "@vue/devtools-api@^6.6.3", "@vue/devtools-api@^6.6.4":
  version "6.6.4"
  resolved "https://registry.npmjs.org/@vue/devtools-api/-/devtools-api-6.6.4.tgz"
  integrity sha512-sGhTPMuXqZ1rVOk32RylztWkfXTRhuS7vgAKv0zjqk8gbsHkJ7xfFf+jbySxt7tWObEJwyKaHMikV/WGDiQm8g==

"@vue/reactivity@3.5.8":
  version "3.5.8"
  resolved "https://registry.npmjs.org/@vue/reactivity/-/reactivity-3.5.8.tgz"
  integrity sha512-mlgUyFHLCUZcAYkqvzYnlBRCh0t5ZQfLYit7nukn1GR96gc48Bp4B7OIcSfVSvlG1k3BPfD+p22gi1t2n9tsXg==
  dependencies:
    "@vue/shared" "3.5.8"

"@vue/runtime-core@3.5.8":
  version "3.5.8"
  resolved "https://registry.npmjs.org/@vue/runtime-core/-/runtime-core-3.5.8.tgz"
  integrity sha512-fJuPelh64agZ8vKkZgp5iCkPaEqFJsYzxLk9vSC0X3G8ppknclNDr61gDc45yBGTaN5Xqc1qZWU3/NoaBMHcjQ==
  dependencies:
    "@vue/reactivity" "3.5.8"
    "@vue/shared" "3.5.8"

"@vue/runtime-dom@3.5.8":
  version "3.5.8"
  resolved "https://registry.npmjs.org/@vue/runtime-dom/-/runtime-dom-3.5.8.tgz"
  integrity sha512-DpAUz+PKjTZPUOB6zJgkxVI3GuYc2iWZiNeeHQUw53kdrparSTG6HeXUrYDjaam8dVsCdvQxDz6ZWxnyjccUjQ==
  dependencies:
    "@vue/reactivity" "3.5.8"
    "@vue/runtime-core" "3.5.8"
    "@vue/shared" "3.5.8"
    csstype "^3.1.3"

"@vue/server-renderer@3.5.8":
  version "3.5.8"
  resolved "https://registry.npmjs.org/@vue/server-renderer/-/server-renderer-3.5.8.tgz"
  integrity sha512-7AmC9/mEeV9mmXNVyUIm1a1AjUhyeeGNbkLh39J00E7iPeGks8OGRB5blJiMmvqSh8SkaS7jkLWSpXtxUCeagA==
  dependencies:
    "@vue/compiler-ssr" "3.5.8"
    "@vue/shared" "3.5.8"

"@vue/shared@3.5.8":
  version "3.5.8"
  resolved "https://registry.npmjs.org/@vue/shared/-/shared-3.5.8.tgz"
  integrity sha512-mJleSWbAGySd2RJdX1RBtcrUBX6snyOc0qHpgk3lGi4l9/P/3ny3ELqFWqYdkXIwwNN/kdm8nD9ky8o6l/Lx2A==

async-validator@^4.2.5:
  version "4.2.5"
  resolved "https://registry.npmjs.org/async-validator/-/async-validator-4.2.5.tgz"
  integrity sha512-7HhHjtERjqlNbZtqNqy2rckN/SpOOlmDliet+lP7k+eKZEjPk3DgyeU9lIXLdeLz0uBbbVp+9Qdow9wJWgwwfg==

css-render@^0.15.10, css-render@^0.15.12:
  version "0.15.14"
  resolved "https://registry.npmjs.org/css-render/-/css-render-0.15.14.tgz"
  integrity sha512-9nF4PdUle+5ta4W5SyZdLCCmFd37uVimSjg1evcTqKJCyvCEEj12WKzOSBNak6r4im4J4iYXKH1OWpUV5LBYFg==
  dependencies:
    "@emotion/hash" "~0.8.0"
    csstype "~3.0.5"

csstype@^3.1.3:
  version "3.1.3"
  resolved "https://registry.npmjs.org/csstype/-/csstype-3.1.3.tgz"
  integrity sha512-M1uQkMl8rQK/szD0LNhtqxIPLpimGm8sOBwU7lLnCpSbTyY3yeU1Vc7l4KT5zT4s/yOxHH5O7tIuuLOCnLADRw==

csstype@~3.0.5:
  version "3.0.11"
  resolved "https://registry.npmjs.org/csstype/-/csstype-3.0.11.tgz"
  integrity sha512-sa6P2wJ+CAbgyy4KFssIb/JNMLxFvKF1pCYCSXS8ZMuqZnMsrxqI2E5sPyoTpxoPU/gVZMzr2zjOfg8GIZOMsw==

date-fns-tz@^2.0.0:
  version "2.0.1"
  resolved "https://registry.npmjs.org/date-fns-tz/-/date-fns-tz-2.0.1.tgz"
  integrity sha512-fJCG3Pwx8HUoLhkepdsP7Z5RsucUi+ZBOxyM5d0ZZ6c4SdYustq0VMmOu6Wf7bli+yS/Jwp91TOCqn9jMcVrUA==

date-fns@^2.30.0:
  version "2.30.0"
  resolved "https://registry.npmjs.org/date-fns/-/date-fns-2.30.0.tgz"
  integrity sha512-fnULvOpxnC5/Vg3NCiWelDsLiUc9bRwAPs/+LfTLNvetFCtCTN+yQz15C/fs4AwX1R9K5GLtLfn8QW+dWisaAw==
  dependencies:
    "@babel/runtime" "^7.21.0"

entities@^4.5.0:
  version "4.5.0"
  resolved "https://registry.npmjs.org/entities/-/entities-4.5.0.tgz"
  integrity sha512-V0hjH4dGPh9Ao5p0MoRY6BVqtwCjhz6vI5LT8AJ55H+4g9/4vbHx1I54fS0XuclLhDHArPQCiMjDxjaL8fPxhw==

esbuild@^0.27.0:
  version "0.27.2"
  resolved "https://registry.yarnpkg.com/esbuild/-/esbuild-0.27.2.tgz#d83ed2154d5813a5367376bb2292a9296fc83717"
  integrity sha512-HyNQImnsOC7X9PMNaCIeAm4ISCQXs5a5YasTXVliKv4uuBo1dKrG0A+uQS8M5eXjVMnLg3WgXaKvprHlFJQffw==
  optionalDependencies:
    "@esbuild/aix-ppc64" "0.27.2"
    "@esbuild/android-arm" "0.27.2"
    "@esbuild/android-arm64" "0.27.2"
    "@esbuild/android-x64" "0.27.2"
    "@esbuild/darwin-arm64" "0.27.2"
    "@esbuild/darwin-x64" "0.27.2"
    "@esbuild/freebsd-arm64" "0.27.2"
    "@esbuild/freebsd-x64" "0.27.2"
    "@esbuild/linux-arm" "0.27.2"
    "@esbuild/linux-arm64" "0.27.2"
    "@esbuild/linux-ia32" "0.27.2"
    "@esbuild/linux-loong64" "0.27.2"
    "@esbuild/linux-mips64el" "0.27.2"
    "@esbuild/linux-ppc64" "0.27.2"
    "@esbuild/linux-riscv64" "0.27.2"
    "@esbuild/linux-s390x" "0.27.2"
    "@esbuild/linux-x64" "0.27.2"
    "@esbuild/netbsd-arm64" "0.27.2"
    "@esbuild/netbsd-x64" "0.27.2"
    "@esbuild/openbsd-arm64" "0.27.2"
    "@esbuild/openbsd-x64" "0.27.2"
    "@esbuild/openharmony-arm64" "0.27.2"
    "@esbuild/sunos-x64" "0.27.2"
    "@esbuild/win32-arm64" "0.27.2"
    "@esbuild/win32-ia32" "0.27.2"
    "@esbuild/win32-x64" "0.27.2"

estree-walker@^2.0.2:
  version "2.0.2"
  resolved "https://registry.npmjs.org/estree-walker/-/estree-walker-2.0.2.tgz"
  integrity sha512-Rfkk/Mp/DL7JVje3u18FxFujQlTNR2q6QfMSMB7AvCBx91NGj/ba3kCfza0f6dVDbw7YlRf/nDrn7pQrCCyQ/w==

evtd@^0.2.2, evtd@^0.2.4:
  version "0.2.4"
  resolved "https://registry.npmjs.org/evtd/-/evtd-0.2.4.tgz"
  integrity sha512-qaeGN5bx63s/AXgQo8gj6fBkxge+OoLddLniox5qtLAEY5HSnuSlISXVPxnSae1dWblvTh4/HoMIB+mbMsvZzw==

fdir@^6.5.0:
  version "6.5.0"
  resolved "https://registry.yarnpkg.com/fdir/-/fdir-6.5.0.tgz#ed2ab967a331ade62f18d077dae192684d50d350"
  integrity sha512-tIbYtZbucOs0BRGqPJkshJUYdL+SDH7dVM8gjy+ERp3WAUjLEFJE+02kanyHtwjWOnwrKYBiwAmM0p4kLJAnXg==

fsevents@~2.3.2, fsevents@~2.3.3:
  version "2.3.3"
  resolved "https://registry.npmjs.org/fsevents/-/fsevents-2.3.3.tgz"
  integrity sha512-5xoDfX+fL7faATnagmWPpbFtwh/R77WmMMqqHGS65C3vvB0YHrgF+B1YmZ3441tMj5n63k0212XNoJwzlhffQw==

highlight.js@^11.8.0:
  version "11.10.0"
  resolved "https://registry.npmjs.org/highlight.js/-/highlight.js-11.10.0.tgz"
  integrity sha512-SYVnVFswQER+zu1laSya563s+F8VDGt7o35d4utbamowvUNLLMovFqwCLSocpZTz3MgaSRA1IbqRWZv97dtErQ==

lodash-es@^4.17.21:
  version "4.17.21"
  resolved "https://registry.npmjs.org/lodash-es/-/lodash-es-4.17.21.tgz"
  integrity sha512-mKnC+QJ9pWVzv+C4/U3rRsHapFfHvQFoFB92e52xeyGMcX6/OlIl78je1u8vePzYZSkkogMPJ2yjxxsb89cxyw==

lodash@^4.17.21:
  version "4.17.21"
  resolved "https://registry.npmjs.org/lodash/-/lodash-4.17.21.tgz"
  integrity sha512-v2kDEe57lecTulaDIuNTPy3Ry4gLGJ6Z1O3vE1krgXZNrsQ+LFTGHVxVjcXPs17LhbZVGedAJv8XZ1tvj5FvSg==

magic-string@^0.30.11:
  version "0.30.11"
  resolved "https://registry.npmjs.org/magic-string/-/magic-string-0.30.11.tgz"
  integrity sha512-+Wri9p0QHMy+545hKww7YAu5NyzF8iomPL/RQazugQ9+Ez4Ic3mERMd8ZTX5rfK944j+560ZJi8iAwgak1Ac7A==
  dependencies:
    "@jridgewell/sourcemap-codec" "^1.5.0"

naive-ui@^2.39.0:
  version "2.39.0"
  resolved "https://registry.npmjs.org/naive-ui/-/naive-ui-2.39.0.tgz"
  integrity sha512-5oUJzRG+rtLSH8eRU+fJvVYiQids2BxF9jp+fwGoAqHOptEINrBlgBu9uy+95RHE5FLJ7Q/z41o+qkoGnUrKxQ==
  dependencies:
    "@css-render/plugin-bem" "^0.15.12"
    "@css-render/vue3-ssr" "^0.15.12"
    "@types/katex" "^0.16.2"
    "@types/lodash" "^4.14.198"
    "@types/lodash-es" "^4.17.9"
    async-validator "^4.2.5"
    css-render "^0.15.12"
    csstype "^3.1.3"
    date-fns "^2.30.0"
    date-fns-tz "^2.0.0"
    evtd "^0.2.4"
    highlight.js "^11.8.0"
    lodash "^4.17.21"
    lodash-es "^4.17.21"
    seemly "^0.3.8"
    treemate "^0.3.11"
    vdirs "^0.1.8"
    vooks "^0.2.12"
    vueuc "^0.4.58"

nanoid@^3.3.11:
  version "3.3.11"
  resolved "https://registry.yarnpkg.com/nanoid/-/nanoid-3.3.11.tgz#4f4f112cefbe303202f2199838128936266d185b"
  integrity sha512-N8SpfPUnUp1bK+PMYW8qSWdl9U+wwNWI4QKxOYDy9JAro3WMX7p2OeVRF9v+347pnakNevPmiHhNmZ2HbFA76w==

picocolors@^1.1.1:
  version "1.1.1"
  resolved "https://registry.yarnpkg.com/picocolors/-/picocolors-1.1.1.tgz#3d321af3eab939b083c8f929a1d12cda81c26b6b"
  integrity sha512-xceH2snhtb5M9liqDsmEw56le376mTZkEX/jEb/RxNFyegNul7eNslCXP9FDj/Lcu0X8KEyMceP2ntpaHrDEVA==

picomatch@^4.0.3:
  version "4.0.3"
  resolved "https://registry.yarnpkg.com/picomatch/-/picomatch-4.0.3.tgz#796c76136d1eead715db1e7bad785dedd695a042"
  integrity sha512-5gTmgEY/sqK6gFXLIsQNH19lWb4ebPDLA4SdLP7dsWkIXHWlG66oPuVvXSGFPppYZz8ZDZq0dYYrbHfBCVUb1Q==

pinia@^2.2.2:
  version "2.2.2"
  resolved "https://registry.npmjs.org/pinia/-/pinia-2.2.2.tgz"
  integrity sha512-ja2XqFWZC36mupU4z1ZzxeTApV7DOw44cV4dhQ9sGwun+N89v/XP7+j7q6TanS1u1tdbK4r+1BUx7heMaIdagA==
  dependencies:
    "@vue/devtools-api" "^6.6.3"
    vue-demi "^0.14.10"

postcss@^8.4.47, postcss@^8.5.6:
  version "8.5.6"
  resolved "https://registry.yarnpkg.com/postcss/-/postcss-8.5.6.tgz#2825006615a619b4f62a9e7426cc120b349a8f3c"
  integrity sha512-3Ybi1tAuwAP9s0r1UQ2J4n5Y0G05bJkpUIO0/bI9MhwmD70S5aTWbXGBwxHrelT+XM1k6dM0pk+SwNkpTRN7Pg==
  dependencies:
    nanoid "^3.3.11"
    picocolors "^1.1.1"
    source-map-js "^1.2.1"

rollup@^4.43.0:
  version "4.54.0"
  resolved "https://registry.yarnpkg.com/rollup/-/rollup-4.54.0.tgz#930f4dfc41ff94d720006f9f62503612a6c319b8"
  integrity sha512-3nk8Y3a9Ea8szgKhinMlGMhGMw89mqule3KWczxhIzqudyHdCIOHw8WJlj/r329fACjKLEh13ZSk7oE22kyeIw==
  dependencies:
    "@types/estree" "1.0.8"
  optionalDependencies:
    "@rollup/rollup-android-arm-eabi" "4.54.0"
    "@rollup/rollup-android-arm64" "4.54.0"
    "@rollup/rollup-darwin-arm64" "4.54.0"
    "@rollup/rollup-darwin-x64" "4.54.0"
    "@rollup/rollup-freebsd-arm64" "4.54.0"
    "@rollup/rollup-freebsd-x64" "4.54.0"
    "@rollup/rollup-linux-arm-gnueabihf" "4.54.0"
    "@rollup/rollup-linux-arm-musleabihf" "4.54.0"
    "@rollup/rollup-linux-arm64-gnu" "4.54.0"
    "@rollup/rollup-linux-arm64-musl" "4.54.0"
    "@rollup/rollup-linux-loong64-gnu" "4.54.0"
    "@rollup/rollup-linux-ppc64-gnu" "4.54.0"
    "@rollup/rollup-linux-riscv64-gnu" "4.54.0"
    "@rollup/rollup-linux-riscv64-musl" "4.54.0"
    "@rollup/rollup-linux-s390x-gnu" "4.54.0"
    "@rollup/rollup-linux-x64-gnu" "4.54.0"
    "@rollup/rollup-linux-x64-musl" "4.54.0"
    "@rollup/rollup-openharmony-arm64" "4.54.0"
    "@rollup/rollup-win32-arm64-msvc" "4.54.0"
    "@rollup/rollup-win32-ia32-msvc" "4.54.0"
    "@rollup/rollup-win32-x64-gnu" "4.54.0"
    "@rollup/rollup-win32-x64-msvc" "4.54.0"
    fsevents "~2.3.2"

seemly@^0.3.6, seemly@^0.3.8:
  version "0.3.8"
  resolved "https://registry.npmjs.org/seemly/-/seemly-0.3.8.tgz"
  integrity sha512-MW8Qs6vbzo0pHmDpFSYPna+lwpZ6Zk1ancbajw/7E8TKtHdV+1DfZZD+kKJEhG/cAoB/i+LiT+5msZOqj0DwRA==

source-map-js@^1.0.2, source-map-js@^1.2.0, source-map-js@^1.2.1:
  version "1.2.1"
  resolved "https://registry.npmjs.org/source-map-js/-/source-map-js-1.2.1.tgz"
  integrity sha512-UXWMKhLOwVKb728IUtQPXxfYU+usdybtUrK/8uGE8CQMvrhOpwvzDBwj0QhSL7MQc7vIsISBG8VQ8+IDQxpfQA==

tinyglobby@^0.2.15:
  version "0.2.15"
  resolved "https://registry.yarnpkg.com/tinyglobby/-/tinyglobby-0.2.15.tgz#e228dd1e638cea993d2fdb4fcd2d4602a79951c2"
  integrity sha512-j2Zq4NyQYG5XMST4cbs02Ak8iJUdxRM0XI5QyxXuZOzKOINmWurp3smXu3y5wDcJrptwpSjgXHzIQxR0omXljQ==
  dependencies:
    fdir "^6.5.0"
    picomatch "^4.0.3"

to-fast-properties@^2.0.0:
  version "2.0.0"
  resolved "https://registry.npmjs.org/to-fast-properties/-/to-fast-properties-2.0.0.tgz"
  integrity sha512-/OaKK0xYrs3DmxRYqL/yDc+FxFUVYhDlXMhRmv3z915w2HF1tnN1omB354j8VUGO/hbRzyD6Y3sA7v7GS/ceog==

treemate@^0.3.11:
  version "0.3.11"
  resolved "https://registry.npmjs.org/treemate/-/treemate-0.3.11.tgz"
  integrity sha512-M8RGFoKtZ8dF+iwJfAJTOH/SM4KluKOKRJpjCMhI8bG3qB74zrFoArKZ62ll0Fr3mqkMJiQOmWYkdYgDeITYQg==

vdirs@^0.1.4, vdirs@^0.1.8:
  version "0.1.8"
  resolved "https://registry.npmjs.org/vdirs/-/vdirs-0.1.8.tgz"
  integrity sha512-H9V1zGRLQZg9b+GdMk8MXDN2Lva0zx72MPahDKc30v+DtwKjfyOSXWRIX4t2mhDubM1H09gPhWeth/BJWPHGUw==
  dependencies:
    evtd "^0.2.2"

vite@^7.3.0:
  version "7.3.0"
  resolved "https://registry.yarnpkg.com/vite/-/vite-7.3.0.tgz#066c7a835993a66e82004eac3e185d0d157fd658"
  integrity sha512-dZwN5L1VlUBewiP6H9s2+B3e3Jg96D0vzN+Ry73sOefebhYr9f94wwkMNN/9ouoU8pV1BqA1d1zGk8928cx0rg==
  dependencies:
    esbuild "^0.27.0"
    fdir "^6.5.0"
    picomatch "^4.0.3"
    postcss "^8.5.6"
    rollup "^4.43.0"
    tinyglobby "^0.2.15"
  optionalDependencies:
    fsevents "~2.3.3"

vooks@^0.2.12, vooks@^0.2.4:
  version "0.2.12"
  resolved "https://registry.npmjs.org/vooks/-/vooks-0.2.12.tgz"
  integrity sha512-iox0I3RZzxtKlcgYaStQYKEzWWGAduMmq+jS7OrNdQo1FgGfPMubGL3uGHOU9n97NIvfFDBGnpSvkWyb/NSn/Q==
  dependencies:
    evtd "^0.2.2"

vue-demi@^0.14.10:
  version "0.14.10"
  resolved "https://registry.npmjs.org/vue-demi/-/vue-demi-0.14.10.tgz"
  integrity sha512-nMZBOwuzabUO0nLgIcc6rycZEebF6eeUfaiQx9+WSk8e29IbLvPU9feI6tqW4kTo3hvoYAJkMh8n8D0fuISphg==

vue-i18n@^9.14.5:
  version "9.14.5"
  resolved "https://registry.npmjs.org/vue-i18n/-/vue-i18n-9.14.5.tgz"
  integrity sha512-0jQ9Em3ymWngyiIkj0+c/k7WgaPO+TNzjKSNq9BvBQaKJECqn9cd9fL4tkDhB5G1QBskGl9YxxbDAhgbFtpe2g==
  dependencies:
    "@intlify/core-base" "9.14.5"
    "@intlify/shared" "9.14.5"
    "@vue/devtools-api" "^6.5.0"

vue-router@4:
  version "4.4.5"
  resolved "https://registry.npmjs.org/vue-router/-/vue-router-4.4.5.tgz"
  integrity sha512-4fKZygS8cH1yCyuabAXGUAsyi1b2/o/OKgu/RUb+znIYOxPRxdkytJEx+0wGcpBE1pX6vUgh5jwWOKRGvuA/7Q==
  dependencies:
    "@vue/devtools-api" "^6.6.4"

vue@^3.3.4:
  version "3.5.8"
  resolved "https://registry.npmjs.org/vue/-/vue-3.5.8.tgz"
  integrity sha512-hvuvuCy51nP/1fSRvrrIqTLSvrSyz2Pq+KQ8S8SXCxTWVE0nMaOnSDnSOxV1eYmGfvK7mqiwvd1C59CEEz7dAQ==
  dependencies:
    "@vue/compiler-dom" "3.5.8"
    "@vue/compiler-sfc" "3.5.8"
    "@vue/runtime-dom" "3.5.8"
    "@vue/server-renderer" "3.5.8"
    "@vue/shared" "3.5.8"

vueuc@^0.4.58:
  version "0.4.63"
  resolved "https://registry.npmjs.org/vueuc/-/vueuc-0.4.63.tgz"
  integrity sha512-QJT0z9yYWXdKpUq6f6IrAgJ83e34iTYMCVHjcAP8lCjldG0JzHnDfJYMpPWkNuLB5SdBZCbYGmYTKnTR+ff7CQ==
  dependencies:
    "@css-render/vue3-ssr" "^0.15.10"
    "@juggle/resize-observer" "^3.3.1"
    css-render "^0.15.10"
    evtd "^0.2.4"
    seemly "^0.3.6"
    vdirs "^0.1.4"
    vooks "^0.2.4"
